{
  "name": "rollup-watch-repro",
  "version": "1.0.0",
  "lockfileVersion": 1,
  "requires": true,
  "dependencies": {
    "rollup": {
      "version": "0.47.4",
      "resolved": "https://registry.npmjs.org/rollup/-/rollup-0.47.4.tgz",
      "integrity": "sha512-inBVqr6CRcR+DaWQZncoUK6FGCpjf3ZymXLFW7rbwVM3+kJQ2tFY2nUdnkhbBczDY+Z06pFa7Vxwk5mKPc7IvQ==",
      "dev": true
    }
  }
}
