{
  "name": "rollup-watch-repro",
  "version": "1.0.0",
  "lockfileVersion": 1,
  "requires": true,
  "dependencies": {
    "rollup": {
      "version": "0.47.6",
      "resolved": "https://registry.npmjs.org/rollup/-/rollup-0.47.6.tgz",
      "integrity": "sha512-bH3eWh7MzbiKTQcHQN7Ievqbs/yY7T+ZcJYboBYkp7BkRlAr2DXHPfiqlvlEH/M95giEBpinHEi/s9CVIgYT6w==",
      "dev": true
    }
  }
}
